// !$*UTF8*$!
{
	archiveVersion = 1;
	classes = {
	};
	objectVersion = 56;
	objects = {

/* Begin PBXBuildFile section */
		030E48652B6EE92300CD858F /* MC3LastVersionApp.swift in Sources */ = {isa = PBXBuildFile; fileRef = 030E48642B6EE92300CD858F /* MC3LastVersionApp.swift */; };
		030E48672B6EE92300CD858F /* MainView.swift in Sources */ = {isa = PBXBuildFile; fileRef = 030E48662B6EE92300CD858F /* MainView.swift */; };
		030E48692B6EE92300CD858F /* Assets.xcassets in Resources */ = {isa = PBXBuildFile; fileRef = 030E48682B6EE92300CD858F /* Assets.xcassets */; };
		030E486C2B6EE92300CD858F /* Preview Assets.xcassets in Resources */ = {isa = PBXBuildFile; fileRef = 030E486B2B6EE92300CD858F /* Preview Assets.xcassets */; };
		030E487B2B6EE9A300CD858F /* TextClassifer.mlmodel in Sources */ = {isa = PBXBuildFile; fileRef = 030E487A2B6EE9A300CD858F /* TextClassifer.mlmodel */; };
		030E487D2B6EEFCB00CD858F /* HomeView.swift in Sources */ = {isa = PBXBuildFile; fileRef = 030E487C2B6EEFCB00CD858F /* HomeView.swift */; };
		030E487F2B6EF01400CD858F /* UserProfileView.swift in Sources */ = {isa = PBXBuildFile; fileRef = 030E487E2B6EF01400CD858F /* UserProfileView.swift */; };
		030E48832B6EF3C000CD858F /* User.swift in Sources */ = {isa = PBXBuildFile; fileRef = 030E48822B6EF3C000CD858F /* User.swift */; };
		030E48852B6EF51C00CD858F /* InputView.swift in Sources */ = {isa = PBXBuildFile; fileRef = 030E48842B6EF51C00CD858F /* InputView.swift */; };
		030E48872B6EF61100CD858F /* SettingRowView.swift in Sources */ = {isa = PBXBuildFile; fileRef = 030E48862B6EF61100CD858F /* SettingRowView.swift */; };
		030E48892B6F691F00CD858F /* LoginView.swift in Sources */ = {isa = PBXBuildFile; fileRef = 030E48882B6F691F00CD858F /* LoginView.swift */; };
		030E488B2B6F6DF600CD858F /* RegistrationView.swift in Sources */ = {isa = PBXBuildFile; fileRef = 030E488A2B6F6DF600CD858F /* RegistrationView.swift */; };
		030E488F2B6FAD0800CD858F /* SignInWithApple.swift in Sources */ = {isa = PBXBuildFile; fileRef = 030E488E2B6FAD0800CD858F /* SignInWithApple.swift */; };
		030E48912B6FAE5F00CD858F /* place.swift in Sources */ = {isa = PBXBuildFile; fileRef = 030E48902B6FAE5F00CD858F /* place.swift */; };
		030E48932B6FAEA900CD858F /* Model.swift in Sources */ = {isa = PBXBuildFile; fileRef = 030E48922B6FAEA900CD858F /* Model.swift */; };
		030E48952B6FAED000CD858F /* screen.swift in Sources */ = {isa = PBXBuildFile; fileRef = 030E48942B6FAED000CD858F /* screen.swift */; };
		030E48972B6FDD8800CD858F /* FavView.swift in Sources */ = {isa = PBXBuildFile; fileRef = 030E48962B6FDD8800CD858F /* FavView.swift */; };
		030E48992B6FDD9400CD858F /* FavRow.swift in Sources */ = {isa = PBXBuildFile; fileRef = 030E48982B6FDD9400CD858F /* FavRow.swift */; };
		030E489B2B70FE8500CD858F /* DetailsView.swift in Sources */ = {isa = PBXBuildFile; fileRef = 030E489A2B70FE8500CD858F /* DetailsView.swift */; };
		030E489D2B70FE9800CD858F /* CommentView.swift in Sources */ = {isa = PBXBuildFile; fileRef = 030E489C2B70FE9800CD858F /* CommentView.swift */; };
		030E489F2B710D7900CD858F /* Comment.swift in Sources */ = {isa = PBXBuildFile; fileRef = 030E489E2B710D7900CD858F /* Comment.swift */; };
		030E48A12B710DA100CD858F /* CommentRow.swift in Sources */ = {isa = PBXBuildFile; fileRef = 030E48A02B710DA100CD858F /* CommentRow.swift */; };
		3713CA2D2B70D72700D5FAF8 /* TrendCardView.swift in Sources */ = {isa = PBXBuildFile; fileRef = 3713CA2C2B70D72700D5FAF8 /* TrendCardView.swift */; };
		37CE6A1E2B70D236005273E9 /* PlaceCardView.swift in Sources */ = {isa = PBXBuildFile; fileRef = 37CE6A1D2B70D236005273E9 /* PlaceCardView.swift */; };
		A652D4CF2B716ED100E94A0A /* splashscreen.swift in Sources */ = {isa = PBXBuildFile; fileRef = A652D4CE2B716ED100E94A0A /* splashscreen.swift */; };
		A652D4D12B716EE300E94A0A /* alaween.gif in Resources */ = {isa = PBXBuildFile; fileRef = A652D4D02B716EE300E94A0A /* alaween.gif */; };
		A652D4D32B71714200E94A0A /* OnBordingView.swift in Sources */ = {isa = PBXBuildFile; fileRef = A652D4D22B71714200E94A0A /* OnBordingView.swift */; };
/* End PBXBuildFile section */

/* Begin PBXFileReference section */
		030E48612B6EE92300CD858F /* MC3LastVersion.app */ = {isa = PBXFileReference; explicitFileType = wrapper.application; includeInIndex = 0; path = MC3LastVersion.app; sourceTree = BUILT_PRODUCTS_DIR; };
		030E48642B6EE92300CD858F /* MC3LastVersionApp.swift */ = {isa = PBXFileReference; lastKnownFileType = sourcecode.swift; path = MC3LastVersionApp.swift; sourceTree = "<group>"; };
		030E48662B6EE92300CD858F /* MainView.swift */ = {isa = PBXFileReference; lastKnownFileType = sourcecode.swift; path = MainView.swift; sourceTree = "<group>"; };
		030E48682B6EE92300CD858F /* Assets.xcassets */ = {isa = PBXFileReference; lastKnownFileType = folder.assetcatalog; path = Assets.xcassets; sourceTree = "<group>"; };
		030E486B2B6EE92300CD858F /* Preview Assets.xcassets */ = {isa = PBXFileReference; lastKnownFileType = folder.assetcatalog; path = "Preview Assets.xcassets"; sourceTree = "<group>"; };
		030E487A2B6EE9A300CD858F /* TextClassifer.mlmodel */ = {isa = PBXFileReference; lastKnownFileType = file.mlmodel; path = TextClassifer.mlmodel; sourceTree = "<group>"; };
		030E487C2B6EEFCB00CD858F /* HomeView.swift */ = {isa = PBXFileReference; lastKnownFileType = sourcecode.swift; path = HomeView.swift; sourceTree = "<group>"; };
		030E487E2B6EF01400CD858F /* UserProfileView.swift */ = {isa = PBXFileReference; lastKnownFileType = sourcecode.swift; path = UserProfileView.swift; sourceTree = "<group>"; };
		030E48822B6EF3C000CD858F /* User.swift */ = {isa = PBXFileReference; lastKnownFileType = sourcecode.swift; path = User.swift; sourceTree = "<group>"; };
		030E48842B6EF51C00CD858F /* InputView.swift */ = {isa = PBXFileReference; lastKnownFileType = sourcecode.swift; path = InputView.swift; sourceTree = "<group>"; };
		030E48862B6EF61100CD858F /* SettingRowView.swift */ = {isa = PBXFileReference; lastKnownFileType = sourcecode.swift; path = SettingRowView.swift; sourceTree = "<group>"; };
		030E48882B6F691F00CD858F /* LoginView.swift */ = {isa = PBXFileReference; lastKnownFileType = sourcecode.swift; path = LoginView.swift; sourceTree = "<group>"; };
		030E488A2B6F6DF600CD858F /* RegistrationView.swift */ = {isa = PBXFileReference; lastKnownFileType = sourcecode.swift; path = RegistrationView.swift; sourceTree = "<group>"; };
		030E488C2B6FA63300CD858F /* MC3LastVersion.entitlements */ = {isa = PBXFileReference; lastKnownFileType = text.plist.entitlements; path = MC3LastVersion.entitlements; sourceTree = "<group>"; };
		030E488E2B6FAD0800CD858F /* SignInWithApple.swift */ = {isa = PBXFileReference; lastKnownFileType = sourcecode.swift; path = SignInWithApple.swift; sourceTree = "<group>"; };
		030E48902B6FAE5F00CD858F /* place.swift */ = {isa = PBXFileReference; lastKnownFileType = sourcecode.swift; path = place.swift; sourceTree = "<group>"; };
		030E48922B6FAEA900CD858F /* Model.swift */ = {isa = PBXFileReference; lastKnownFileType = sourcecode.swift; path = Model.swift; sourceTree = "<group>"; };
		030E48942B6FAED000CD858F /* screen.swift */ = {isa = PBXFileReference; lastKnownFileType = sourcecode.swift; path = screen.swift; sourceTree = "<group>"; };
		030E48962B6FDD8800CD858F /* FavView.swift */ = {isa = PBXFileReference; fileEncoding = 4; lastKnownFileType = sourcecode.swift; path = FavView.swift; sourceTree = "<group>"; };
		030E48982B6FDD9400CD858F /* FavRow.swift */ = {isa = PBXFileReference; fileEncoding = 4; lastKnownFileType = sourcecode.swift; path = FavRow.swift; sourceTree = "<group>"; };
		030E489A2B70FE8500CD858F /* DetailsView.swift */ = {isa = PBXFileReference; fileEncoding = 4; lastKnownFileType = sourcecode.swift; path = DetailsView.swift; sourceTree = "<group>"; };
		030E489C2B70FE9800CD858F /* CommentView.swift */ = {isa = PBXFileReference; fileEncoding = 4; lastKnownFileType = sourcecode.swift; path = CommentView.swift; sourceTree = "<group>"; };
		030E489E2B710D7900CD858F /* Comment.swift */ = {isa = PBXFileReference; lastKnownFileType = sourcecode.swift; path = Comment.swift; sourceTree = "<group>"; };
		030E48A02B710DA100CD858F /* CommentRow.swift */ = {isa = PBXFileReference; lastKnownFileType = sourcecode.swift; path = CommentRow.swift; sourceTree = "<group>"; };
		3713CA2C2B70D72700D5FAF8 /* TrendCardView.swift */ = {isa = PBXFileReference; lastKnownFileType = sourcecode.swift; path = TrendCardView.swift; sourceTree = "<group>"; };
		37CE6A1D2B70D236005273E9 /* PlaceCardView.swift */ = {isa = PBXFileReference; lastKnownFileType = sourcecode.swift; path = PlaceCardView.swift; sourceTree = "<group>"; };
		A652D4CE2B716ED100E94A0A /* splashscreen.swift */ = {isa = PBXFileReference; lastKnownFileType = sourcecode.swift; path = splashscreen.swift; sourceTree = "<group>"; };
		A652D4D02B716EE300E94A0A /* alaween.gif */ = {isa = PBXFileReference; lastKnownFileType = image.gif; name = alaween.gif; path = ../../../../Downloads/alaween.gif; sourceTree = "<group>"; };
		A652D4D22B71714200E94A0A /* OnBordingView.swift */ = {isa = PBXFileReference; lastKnownFileType = sourcecode.swift; path = OnBordingView.swift; sourceTree = "<group>"; };
/* End PBXFileReference section */

/* Begin PBXFrameworksBuildPhase section */
		030E485E2B6EE92300CD858F /* Frameworks */ = {
			isa = PBXFrameworksBuildPhase;
			buildActionMask = 2147483647;
			files = (
			);
			runOnlyForDeploymentPostprocessing = 0;
		};
/* End PBXFrameworksBuildPhase section */

/* Begin PBXGroup section */
		030E48582B6EE92300CD858F = {
			isa = PBXGroup;
			children = (
				030E48632B6EE92300CD858F /* MC3LastVersion */,
				030E48622B6EE92300CD858F /* Products */,
			);
			sourceTree = "<group>";
		};
		030E48622B6EE92300CD858F /* Products */ = {
			isa = PBXGroup;
			children = (
				030E48612B6EE92300CD858F /* MC3LastVersion.app */,
			);
			name = Products;
			sourceTree = "<group>";
		};
		030E48632B6EE92300CD858F /* MC3LastVersion */ = {
			isa = PBXGroup;
			children = (
				030E488C2B6FA63300CD858F /* MC3LastVersion.entitlements */,
				030E48792B6EE96500CD858F /* Components */,
				030E48772B6EE94F00CD858F /* MLModel */,
				030E48762B6EE94300CD858F /* Model */,
				030E48752B6EE93C00CD858F /* Views */,
				030E48732B6EE92F00CD858F /* App */,
				030E48722B6EE92800CD858F /* Core */,
				030E48682B6EE92300CD858F /* Assets.xcassets */,
				030E486A2B6EE92300CD858F /* Preview Content */,
			);
			path = MC3LastVersion;
			sourceTree = "<group>";
		};
		030E486A2B6EE92300CD858F /* Preview Content */ = {
			isa = PBXGroup;
			children = (
				030E486B2B6EE92300CD858F /* Preview Assets.xcassets */,
			);
			path = "Preview Content";
			sourceTree = "<group>";
		};
		030E48722B6EE92800CD858F /* Core */ = {
			isa = PBXGroup;
			children = (
				030E48662B6EE92300CD858F /* MainView.swift */,
			);
			path = Core;
			sourceTree = "<group>";
		};
		030E48732B6EE92F00CD858F /* App */ = {
			isa = PBXGroup;
			children = (
				030E48642B6EE92300CD858F /* MC3LastVersionApp.swift */,
			);
			path = App;
			sourceTree = "<group>";
		};
		030E48752B6EE93C00CD858F /* Views */ = {
			isa = PBXGroup;
			children = (
				030E488D2B6FACE800CD858F /* AuthenticationViews */,
				030E487C2B6EEFCB00CD858F /* HomeView.swift */,
				030E489C2B70FE9800CD858F /* CommentView.swift */,
				030E487E2B6EF01400CD858F /* UserProfileView.swift */,
				030E48942B6FAED000CD858F /* screen.swift */,
				A652D4CE2B716ED100E94A0A /* splashscreen.swift */,
				030E48962B6FDD8800CD858F /* FavView.swift */,
				030E489A2B70FE8500CD858F /* DetailsView.swift */,
				A652D4D22B71714200E94A0A /* OnBordingView.swift */,
				A652D4D02B716EE300E94A0A /* alaween.gif */,
			);
			path = Views;
			sourceTree = "<group>";
		};
		030E48762B6EE94300CD858F /* Model */ = {
			isa = PBXGroup;
			children = (
				030E48822B6EF3C000CD858F /* User.swift */,
				030E48902B6FAE5F00CD858F /* place.swift */,
				030E48922B6FAEA900CD858F /* Model.swift */,
				030E489E2B710D7900CD858F /* Comment.swift */,
			);
			path = Model;
			sourceTree = "<group>";
		};
		030E48772B6EE94F00CD858F /* MLModel */ = {
			isa = PBXGroup;
			children = (
				030E487A2B6EE9A300CD858F /* TextClassifer.mlmodel */,
			);
			path = MLModel;
			sourceTree = "<group>";
		};
		030E48792B6EE96500CD858F /* Components */ = {
			isa = PBXGroup;
			children = (
				030E488E2B6FAD0800CD858F /* SignInWithApple.swift */,
				030E48842B6EF51C00CD858F /* InputView.swift */,
				030E48862B6EF61100CD858F /* SettingRowView.swift */,
				030E48982B6FDD9400CD858F /* FavRow.swift */,
				37CE6A1D2B70D236005273E9 /* PlaceCardView.swift */,
				3713CA2C2B70D72700D5FAF8 /* TrendCardView.swift */,
				030E48A02B710DA100CD858F /* CommentRow.swift */,
			);
			path = Components;
			sourceTree = "<group>";
		};
		030E488D2B6FACE800CD858F /* AuthenticationViews */ = {
			isa = PBXGroup;
			children = (
				030E488A2B6F6DF600CD858F /* RegistrationView.swift */,
				030E48882B6F691F00CD858F /* LoginView.swift */,
			);
			path = AuthenticationViews;
			sourceTree = "<group>";
		};
/* End PBXGroup section */

/* Begin PBXNativeTarget section */
		030E48602B6EE92300CD858F /* MC3LastVersion */ = {
			isa = PBXNativeTarget;
			buildConfigurationList = 030E486F2B6EE92300CD858F /* Build configuration list for PBXNativeTarget "MC3LastVersion" */;
			buildPhases = (
				030E485D2B6EE92300CD858F /* Sources */,
				030E485E2B6EE92300CD858F /* Frameworks */,
				030E485F2B6EE92300CD858F /* Resources */,
			);
			buildRules = (
			);
			dependencies = (
			);
			name = MC3LastVersion;
			productName = MC3LastVersion;
			productReference = 030E48612B6EE92300CD858F /* MC3LastVersion.app */;
			productType = "com.apple.product-type.application";
		};
/* End PBXNativeTarget section */

/* Begin PBXProject section */
		030E48592B6EE92300CD858F /* Project object */ = {
			isa = PBXProject;
			attributes = {
				BuildIndependentTargetsInParallel = 1;
				LastSwiftUpdateCheck = 1510;
				LastUpgradeCheck = 1510;
				TargetAttributes = {
					030E48602B6EE92300CD858F = {
						CreatedOnToolsVersion = 15.1;
					};
				};
			};
			buildConfigurationList = 030E485C2B6EE92300CD858F /* Build configuration list for PBXProject "MC3LastVersion" */;
			compatibilityVersion = "Xcode 14.0";
			developmentRegion = en;
			hasScannedForEncodings = 0;
			knownRegions = (
				en,
				Base,
			);
			mainGroup = 030E48582B6EE92300CD858F;
			productRefGroup = 030E48622B6EE92300CD858F /* Products */;
			projectDirPath = "";
			projectRoot = "";
			targets = (
				030E48602B6EE92300CD858F /* MC3LastVersion */,
			);
		};
/* End PBXProject section */

/* Begin PBXResourcesBuildPhase section */
		030E485F2B6EE92300CD858F /* Resources */ = {
			isa = PBXResourcesBuildPhase;
			buildActionMask = 2147483647;
			files = (
				030E486C2B6EE92300CD858F /* Preview Assets.xcassets in Resources */,
				030E48692B6EE92300CD858F /* Assets.xcassets in Resources */,
				A652D4D12B716EE300E94A0A /* alaween.gif in Resources */,
			);
			runOnlyForDeploymentPostprocessing = 0;
		};
/* End PBXResourcesBuildPhase section */

/* Begin PBXSourcesBuildPhase section */
		030E485D2B6EE92300CD858F /* Sources */ = {
			isa = PBXSourcesBuildPhase;
			buildActionMask = 2147483647;
			files = (
				030E488B2B6F6DF600CD858F /* RegistrationView.swift in Sources */,
				030E489B2B70FE8500CD858F /* DetailsView.swift in Sources */,
				030E48832B6EF3C000CD858F /* User.swift in Sources */,
				A652D4D32B71714200E94A0A /* OnBordingView.swift in Sources */,
				A652D4CF2B716ED100E94A0A /* splashscreen.swift in Sources */,
				030E48912B6FAE5F00CD858F /* place.swift in Sources */,
				030E487B2B6EE9A300CD858F /* TextClassifer.mlmodel in Sources */,
				030E48952B6FAED000CD858F /* screen.swift in Sources */,
				030E487D2B6EEFCB00CD858F /* HomeView.swift in Sources */,
				030E48972B6FDD8800CD858F /* FavView.swift in Sources */,
				030E48A12B710DA100CD858F /* CommentRow.swift in Sources */,
				030E48672B6EE92300CD858F /* MainView.swift in Sources */,
				3713CA2D2B70D72700D5FAF8 /* TrendCardView.swift in Sources */,
				030E489F2B710D7900CD858F /* Comment.swift in Sources */,
				030E48932B6FAEA900CD858F /* Model.swift in Sources */,
				030E48852B6EF51C00CD858F /* InputView.swift in Sources */,
				030E487F2B6EF01400CD858F /* UserProfileView.swift in Sources */,
				030E48652B6EE92300CD858F /* MC3LastVersionApp.swift in Sources */,
				030E48992B6FDD9400CD858F /* FavRow.swift in Sources */,
				030E48892B6F691F00CD858F /* LoginView.swift in Sources */,
				030E488F2B6FAD0800CD858F /* SignInWithApple.swift in Sources */,
				37CE6A1E2B70D236005273E9 /* PlaceCardView.swift in Sources */,
				030E489D2B70FE9800CD858F /* CommentView.swift in Sources */,
				030E48872B6EF61100CD858F /* SettingRowView.swift in Sources */,
			);
			runOnlyForDeploymentPostprocessing = 0;
		};
/* End PBXSourcesBuildPhase section */

/* Begin XCBuildConfiguration section */
		030E486D2B6EE92300CD858F /* Debug */ = {
			isa = XCBuildConfiguration;
			buildSettings = {
				ALWAYS_SEARCH_USER_PATHS = NO;
				ASSETCATALOG_COMPILER_GENERATE_SWIFT_ASSET_SYMBOL_EXTENSIONS = YES;
				CLANG_ANALYZER_NONNULL = YES;
				CLANG_ANALYZER_NUMBER_OBJECT_CONVERSION = YES_AGGRESSIVE;
				CLANG_CXX_LANGUAGE_STANDARD = "gnu++20";
				CLANG_ENABLE_MODULES = YES;
				CLANG_ENABLE_OBJC_ARC = YES;
				CLANG_ENABLE_OBJC_WEAK = YES;
				CLANG_WARN_BLOCK_CAPTURE_AUTORELEASING = YES;
				CLANG_WARN_BOOL_CONVERSION = YES;
				CLANG_WARN_COMMA = YES;
				CLANG_WARN_CONSTANT_CONVERSION = YES;
				CLANG_WARN_DEPRECATED_OBJC_IMPLEMENTATIONS = YES;
				CLANG_WARN_DIRECT_OBJC_ISA_USAGE = YES_ERROR;
				CLANG_WARN_DOCUMENTATION_COMMENTS = YES;
				CLANG_WARN_EMPTY_BODY = YES;
				CLANG_WARN_ENUM_CONVERSION = YES;
				CLANG_WARN_INFINITE_RECURSION = YES;
				CLANG_WARN_INT_CONVERSION = YES;
				CLANG_WARN_NON_LITERAL_NULL_CONVERSION = YES;
				CLANG_WARN_OBJC_IMPLICIT_RETAIN_SELF = YES;
				CLANG_WARN_OBJC_LITERAL_CONVERSION = YES;
				CLANG_WARN_OBJC_ROOT_CLASS = YES_ERROR;
				CLANG_WARN_QUOTED_INCLUDE_IN_FRAMEWORK_HEADER = YES;
				CLANG_WARN_RANGE_LOOP_ANALYSIS = YES;
				CLANG_WARN_STRICT_PROTOTYPES = YES;
				CLANG_WARN_SUSPICIOUS_MOVE = YES;
				CLANG_WARN_UNGUARDED_AVAILABILITY = YES_AGGRESSIVE;
				CLANG_WARN_UNREACHABLE_CODE = YES;
				CLANG_WARN__DUPLICATE_METHOD_MATCH = YES;
				COPY_PHASE_STRIP = NO;
				DEBUG_INFORMATION_FORMAT = dwarf;
				ENABLE_STRICT_OBJC_MSGSEND = YES;
				ENABLE_TESTABILITY = YES;
				ENABLE_USER_SCRIPT_SANDBOXING = YES;
				GCC_C_LANGUAGE_STANDARD = gnu17;
				GCC_DYNAMIC_NO_PIC = NO;
				GCC_NO_COMMON_BLOCKS = YES;
				GCC_OPTIMIZATION_LEVEL = 0;
				GCC_PREPROCESSOR_DEFINITIONS = (
					"DEBUG=1",
					"$(inherited)",
				);
				GCC_WARN_64_TO_32_BIT_CONVERSION = YES;
				GCC_WARN_ABOUT_RETURN_TYPE = YES_ERROR;
				GCC_WARN_UNDECLARED_SELECTOR = YES;
				GCC_WARN_UNINITIALIZED_AUTOS = YES_AGGRESSIVE;
				GCC_WARN_UNUSED_FUNCTION = YES;
				GCC_WARN_UNUSED_VARIABLE = YES;
				IPHONEOS_DEPLOYMENT_TARGET = 17.2;
				LOCALIZATION_PREFERS_STRING_CATALOGS = YES;
				MTL_ENABLE_DEBUG_INFO = INCLUDE_SOURCE;
				MTL_FAST_MATH = YES;
				ONLY_ACTIVE_ARCH = YES;
				SDKROOT = iphoneos;
				SWIFT_ACTIVE_COMPILATION_CONDITIONS = "DEBUG $(inherited)";
				SWIFT_OPTIMIZATION_LEVEL = "-Onone";
			};
			name = Debug;
		};
		030E486E2B6EE92300CD858F /* Release */ = {
			isa = XCBuildConfiguration;
			buildSettings = {
				ALWAYS_SEARCH_USER_PATHS = NO;
				ASSETCATALOG_COMPILER_GENERATE_SWIFT_ASSET_SYMBOL_EXTENSIONS = YES;
				CLANG_ANALYZER_NONNULL = YES;
				CLANG_ANALYZER_NUMBER_OBJECT_CONVERSION = YES_AGGRESSIVE;
				CLANG_CXX_LANGUAGE_STANDARD = "gnu++20";
				CLANG_ENABLE_MODULES = YES;
				CLANG_ENABLE_OBJC_ARC = YES;
				CLANG_ENABLE_OBJC_WEAK = YES;
				CLANG_WARN_BLOCK_CAPTURE_AUTORELEASING = YES;
				CLANG_WARN_BOOL_CONVERSION = YES;
				CLANG_WARN_COMMA = YES;
				CLANG_WARN_CONSTANT_CONVERSION = YES;
				CLANG_WARN_DEPRECATED_OBJC_IMPLEMENTATIONS = YES;
				CLANG_WARN_DIRECT_OBJC_ISA_USAGE = YES_ERROR;
				CLANG_WARN_DOCUMENTATION_COMMENTS = YES;
				CLANG_WARN_EMPTY_BODY = YES;
				CLANG_WARN_ENUM_CONVERSION = YES;
				CLANG_WARN_INFINITE_RECURSION = YES;
				CLANG_WARN_INT_CONVERSION = YES;
				CLANG_WARN_NON_LITERAL_NULL_CONVERSION = YES;
				CLANG_WARN_OBJC_IMPLICIT_RETAIN_SELF = YES;
				CLANG_WARN_OBJC_LITERAL_CONVERSION = YES;
				CLANG_WARN_OBJC_ROOT_CLASS = YES_ERROR;
				CLANG_WARN_QUOTED_INCLUDE_IN_FRAMEWORK_HEADER = YES;
				CLANG_WARN_RANGE_LOOP_ANALYSIS = YES;
				CLANG_WARN_STRICT_PROTOTYPES = YES;
				CLANG_WARN_SUSPICIOUS_MOVE = YES;
				CLANG_WARN_UNGUARDED_AVAILABILITY = YES_AGGRESSIVE;
				CLANG_WARN_UNREACHABLE_CODE = YES;
				CLANG_WARN__DUPLICATE_METHOD_MATCH = YES;
				COPY_PHASE_STRIP = NO;
				DEBUG_INFORMATION_FORMAT = "dwarf-with-dsym";
				ENABLE_NS_ASSERTIONS = NO;
				ENABLE_STRICT_OBJC_MSGSEND = YES;
				ENABLE_USER_SCRIPT_SANDBOXING = YES;
				GCC_C_LANGUAGE_STANDARD = gnu17;
				GCC_NO_COMMON_BLOCKS = YES;
				GCC_WARN_64_TO_32_BIT_CONVERSION = YES;
				GCC_WARN_ABOUT_RETURN_TYPE = YES_ERROR;
				GCC_WARN_UNDECLARED_SELECTOR = YES;
				GCC_WARN_UNINITIALIZED_AUTOS = YES_AGGRESSIVE;
				GCC_WARN_UNUSED_FUNCTION = YES;
				GCC_WARN_UNUSED_VARIABLE = YES;
				IPHONEOS_DEPLOYMENT_TARGET = 17.2;
				LOCALIZATION_PREFERS_STRING_CATALOGS = YES;
				MTL_ENABLE_DEBUG_INFO = NO;
				MTL_FAST_MATH = YES;
				SDKROOT = iphoneos;
				SWIFT_COMPILATION_MODE = wholemodule;
				VALIDATE_PRODUCT = YES;
			};
			name = Release;
		};
		030E48702B6EE92300CD858F /* Debug */ = {
			isa = XCBuildConfiguration;
			buildSettings = {
				ASSETCATALOG_COMPILER_APPICON_NAME = AppIcon;
				ASSETCATALOG_COMPILER_GLOBAL_ACCENT_COLOR_NAME = AccentColor;
				CODE_SIGN_ENTITLEMENTS = MC3LastVersion/MC3LastVersion.entitlements;
				CODE_SIGN_STYLE = Automatic;
				CURRENT_PROJECT_VERSION = 1;
				DEVELOPMENT_ASSET_PATHS = "\"MC3LastVersion/Preview Content\"";
				DEVELOPMENT_TEAM = 6PGA99688G;
				ENABLE_PREVIEWS = YES;
				GENERATE_INFOPLIST_FILE = YES;
				INFOPLIST_KEY_UIApplicationSceneManifest_Generation = YES;
				INFOPLIST_KEY_UIApplicationSupportsIndirectInputEvents = YES;
				INFOPLIST_KEY_UILaunchScreen_Generation = YES;
				INFOPLIST_KEY_UISupportedInterfaceOrientations_iPad = "UIInterfaceOrientationPortrait UIInterfaceOrientationPortraitUpsideDown UIInterfaceOrientationLandscapeLeft UIInterfaceOrientationLandscapeRight";
				INFOPLIST_KEY_UISupportedInterfaceOrientations_iPhone = "UIInterfaceOrientationPortrait UIInterfaceOrientationLandscapeLeft UIInterfaceOrientationLandscapeRight";
				LD_RUNPATH_SEARCH_PATHS = (
					"$(inherited)",
					"@executable_path/Frameworks",
				);
				MARKETING_VERSION = 1.0;
				PRODUCT_BUNDLE_IDENTIFIER = MC3Project;
				PRODUCT_NAME = "$(TARGET_NAME)";
				SWIFT_EMIT_LOC_STRINGS = YES;
				SWIFT_VERSION = 5.0;
				TARGETED_DEVICE_FAMILY = "1,2";
			};
			name = Debug;
		};
		030E48712B6EE92300CD858F /* Release */ = {
			isa = XCBuildConfiguration;
			buildSettings = {
				ASSETCATALOG_COMPILER_APPICON_NAME = AppIcon;
				ASSETCATALOG_COMPILER_GLOBAL_ACCENT_COLOR_NAME = AccentColor;
				CODE_SIGN_ENTITLEMENTS = MC3LastVersion/MC3LastVersion.entitlements;
				CODE_SIGN_STYLE = Automatic;
				CURRENT_PROJECT_VERSION = 1;
				DEVELOPMENT_ASSET_PATHS = "\"MC3LastVersion/Preview Content\"";
				DEVELOPMENT_TEAM = 6PGA99688G;
				ENABLE_PREVIEWS = YES;
				GENERATE_INFOPLIST_FILE = YES;
				INFOPLIST_KEY_UIApplicationSceneManifest_Generation = YES;
				INFOPLIST_KEY_UIApplicationSupportsIndirectInputEvents = YES;
				INFOPLIST_KEY_UILaunchScreen_Generation = YES;
				INFOPLIST_KEY_UISupportedInterfaceOrientations_iPad = "UIInterfaceOrientationPortrait UIInterfaceOrientationPortraitUpsideDown UIInterfaceOrientationLandscapeLeft UIInterfaceOrientationLandscapeRight";
				INFOPLIST_KEY_UISupportedInterfaceOrientations_iPhone = "UIInterfaceOrientationPortrait UIInterfaceOrientationLandscapeLeft UIInterfaceOrientationLandscapeRight";
				LD_RUNPATH_SEARCH_PATHS = (
					"$(inherited)",
					"@executable_path/Frameworks",
				);
				MARKETING_VERSION = 1.0;
				PRODUCT_BUNDLE_IDENTIFIER = MC3Project;
				PRODUCT_NAME = "$(TARGET_NAME)";
				SWIFT_EMIT_LOC_STRINGS = YES;
				SWIFT_VERSION = 5.0;
				TARGETED_DEVICE_FAMILY = "1,2";
			};
			name = Release;
		};
/* End XCBuildConfiguration section */

/* Begin XCConfigurationList section */
		030E485C2B6EE92300CD858F /* Build configuration list for PBXProject "MC3LastVersion" */ = {
			isa = XCConfigurationList;
			buildConfigurations = (
				030E486D2B6EE92300CD858F /* Debug */,
				030E486E2B6EE92300CD858F /* Release */,
			);
			defaultConfigurationIsVisible = 0;
			defaultConfigurationName = Release;
		};
		030E486F2B6EE92300CD858F /* Build configuration list for PBXNativeTarget "MC3LastVersion" */ = {
			isa = XCConfigurationList;
			buildConfigurations = (
				030E48702B6EE92300CD858F /* Debug */,
				030E48712B6EE92300CD858F /* Release */,
			);
			defaultConfigurationIsVisible = 0;
			defaultConfigurationName = Release;
		};
/* End XCConfigurationList section */
	};
	rootObject = 030E48592B6EE92300CD858F /* Project object */;
}
